
Microsoft Visual Studio Solution File, Format Version 12.00
# Visual Studio Version 17
VisualStudioVersion = 17.7.34221.43
MinimumVisualStudioVersion = 10.0.40219.1
Project("{FAE04EC0-301F-11D3-BF4B-00C04F79EFBC}") = "AppConfig1", "AppConfig1.csproj", "{A18D0F16-7404-4D84-89EB-3479AAD015F6}"
EndProject
Global
	GlobalSection(SolutionConfigurationPlatforms) = preSolution
		Debug|Any CPU = Debug|Any CPU
		Release|Any CPU = Release|Any CPU
	EndGlobalSection
	GlobalSection(ProjectConfigurationPlatforms) = postSolution
		{A18D0F16-7404-4D84-89EB-3479AAD015F6}.Debug|Any CPU.ActiveCfg = Debug|Any CPU
		{A18D0F16-7404-4D84-89EB-3479AAD015F6}.Debug|Any CPU.Build.0 = Debug|Any CPU
		{A18D0F16-7404-4D84-89EB-3479AAD015F6}.Release|Any CPU.ActiveCfg = Release|Any CPU
		{A18D0F16-7404-4D84-89EB-3479AAD015F6}.Release|Any CPU.Build.0 = Release|Any CPU
	EndGlobalSection
	GlobalSection(SolutionProperties) = preSolution
		HideSolutionNode = FALSE
	EndGlobalSection
	GlobalSection(ExtensibilityGlobals) = postSolution
		SolutionGuid = {2099794E-A206-412A-AE59-933E6901B2FB}
	EndGlobalSection
EndGlobal
